
Microsoft Visual Studio Solution File, Format Version 12.00
# Visual Studio Version 16
VisualStudioVersion = 16.0.30907.101
MinimumVisualStudioVersion = 10.0.40219.1
Project("{FAE04EC0-301F-11D3-BF4B-00C04F79EFBC}") = "TurtleWalk", "TurtleWalk.csproj", "{8E3C0BEA-5AEA-43DE-BAA2-B5CCABD594F7}"
EndProject
Global
	GlobalSection(SolutionConfigurationPlatforms) = preSolution
		Debug|Any CPU = Debug|Any CPU
		Release|Any CPU = Release|Any CPU
	EndGlobalSection
	GlobalSection(ProjectConfigurationPlatforms) = postSolution
		{8E3C0BEA-5AEA-43DE-BAA2-B5CCABD594F7}.Debug|Any CPU.ActiveCfg = Debug|Any CPU
		{8E3C0BEA-5AEA-43DE-BAA2-B5CCABD594F7}.Debug|Any CPU.Build.0 = Debug|Any CPU
		{8E3C0BEA-5AEA-43DE-BAA2-B5CCABD594F7}.Release|Any CPU.ActiveCfg = Release|Any CPU
		{8E3C0BEA-5AEA-43DE-BAA2-B5CCABD594F7}.Release|Any CPU.Build.0 = Release|Any CPU
	EndGlobalSection
	GlobalSection(SolutionProperties) = preSolution
		HideSolutionNode = FALSE
	EndGlobalSection
	GlobalSection(ExtensibilityGlobals) = postSolution
		SolutionGuid = {6D710B84-DE68-4B0C-8125-E2DE964762CD}
	EndGlobalSection
EndGlobal
